// !$*UTF8*$!
{
	archiveVersion = 1;
	classes = {
	};
	objectVersion = 46;
	objects = {

/* Begin PBXBuildFile section */
		81595BFC1C05AAAD008AABBE /* RFQuiltLayout.m in Sources */ = {isa = PBXBuildFile; fileRef = 81595BFB1C05AAAD008AABBE /* RFQuiltLayout.m */; };
		81595C121C05B6DF008AABBE /* RNCellView.m in Sources */ = {isa = PBXBuildFile; fileRef = 81595C001C05B6DF008AABBE /* RNCellView.m */; };
		81595C131C05B6DF008AABBE /* RNCellViewManager.m in Sources */ = {isa = PBXBuildFile; fileRef = 81595C021C05B6DF008AABBE /* RNCellViewManager.m */; };
		81595C2C1C069A5B008AABBE /* RNQuiltViewManager.m in Sources */ = {isa = PBXBuildFile; fileRef = 81595C261C069A5B008AABBE /* RNQuiltViewManager.m */; };
		81595C2D1C069A5B008AABBE /* RNQuiltViewCell.m in Sources */ = {isa = PBXBuildFile; fileRef = 81595C281C069A5B008AABBE /* RNQuiltViewCell.m */; };
		81595C721C0748CF008AABBE /* RNCellModel.m in Sources */ = {isa = PBXBuildFile; fileRef = 81595C711C0748CF008AABBE /* RNCellModel.m */; };
		81C428881C109DB60000A61B /* RNQuiltView.m in Sources */ = {isa = PBXBuildFile; fileRef = 81595C2A1C069A5B008AABBE /* RNQuiltView.m */; };
/* End PBXBuildFile section */

/* Begin PBXCopyFilesBuildPhase section */
		81EDA0C01C056630000B1500 /* CopyFiles */ = {
			isa = PBXCopyFilesBuildPhase;
			buildActionMask = 2147483647;
			dstPath = "include/$(PRODUCT_NAME)";
			dstSubfolderSpec = 16;
			files = (
			);
			runOnlyForDeploymentPostprocessing = 0;
		};
/* End PBXCopyFilesBuildPhase section */

/* Begin PBXFileReference section */
		81595BFA1C05AAAD008AABBE /* RFQuiltLayout.h */ = {isa = PBXFileReference; fileEncoding = 4; lastKnownFileType = sourcecode.c.h; path = RFQuiltLayout.h; sourceTree = "<group>"; };
		81595BFB1C05AAAD008AABBE /* RFQuiltLayout.m */ = {isa = PBXFileReference; fileEncoding = 4; lastKnownFileType = sourcecode.c.objc; path = RFQuiltLayout.m; sourceTree = "<group>"; };
		81595BFF1C05B6DF008AABBE /* RNCellView.h */ = {isa = PBXFileReference; fileEncoding = 4; lastKnownFileType = sourcecode.c.h; path = RNCellView.h; sourceTree = "<group>"; };
		81595C001C05B6DF008AABBE /* RNCellView.m */ = {isa = PBXFileReference; fileEncoding = 4; lastKnownFileType = sourcecode.c.objc; path = RNCellView.m; sourceTree = "<group>"; };
		81595C011C05B6DF008AABBE /* RNCellViewManager.h */ = {isa = PBXFileReference; fileEncoding = 4; lastKnownFileType = sourcecode.c.h; path = RNCellViewManager.h; sourceTree = "<group>"; };
		81595C021C05B6DF008AABBE /* RNCellViewManager.m */ = {isa = PBXFileReference; fileEncoding = 4; lastKnownFileType = sourcecode.c.objc; path = RNCellViewManager.m; sourceTree = "<group>"; };
		81595C261C069A5B008AABBE /* RNQuiltViewManager.m */ = {isa = PBXFileReference; fileEncoding = 4; lastKnownFileType = sourcecode.c.objc; path = RNQuiltViewManager.m; sourceTree = "<group>"; };
		81595C271C069A5B008AABBE /* RNQuiltViewManager.h */ = {isa = PBXFileReference; fileEncoding = 4; lastKnownFileType = sourcecode.c.h; path = RNQuiltViewManager.h; sourceTree = "<group>"; };
		81595C281C069A5B008AABBE /* RNQuiltViewCell.m */ = {isa = PBXFileReference; fileEncoding = 4; lastKnownFileType = sourcecode.c.objc; path = RNQuiltViewCell.m; sourceTree = "<group>"; };
		81595C291C069A5B008AABBE /* RNQuiltViewCell.h */ = {isa = PBXFileReference; fileEncoding = 4; lastKnownFileType = sourcecode.c.h; path = RNQuiltViewCell.h; sourceTree = "<group>"; };
		81595C2A1C069A5B008AABBE /* RNQuiltView.m */ = {isa = PBXFileReference; fileEncoding = 4; lastKnownFileType = sourcecode.c.objc; path = RNQuiltView.m; sourceTree = "<group>"; };
		81595C2B1C069A5B008AABBE /* RNQuiltView.h */ = {isa = PBXFileReference; fileEncoding = 4; lastKnownFileType = sourcecode.c.h; path = RNQuiltView.h; sourceTree = "<group>"; };
		81595C701C0748CF008AABBE /* RNCellModel.h */ = {isa = PBXFileReference; fileEncoding = 4; lastKnownFileType = sourcecode.c.h; path = RNCellModel.h; sourceTree = "<group>"; };
		81595C711C0748CF008AABBE /* RNCellModel.m */ = {isa = PBXFileReference; fileEncoding = 4; lastKnownFileType = sourcecode.c.objc; path = RNCellModel.m; sourceTree = "<group>"; };
		81EDA0C21C056630000B1500 /* libRNQuiltView.a */ = {isa = PBXFileReference; explicitFileType = archive.ar; includeInIndex = 0; path = libRNQuiltView.a; sourceTree = BUILT_PRODUCTS_DIR; };
/* End PBXFileReference section */

/* Begin PBXFrameworksBuildPhase section */
		81EDA0BF1C056630000B1500 /* Frameworks */ = {
			isa = PBXFrameworksBuildPhase;
			buildActionMask = 2147483647;
			files = (
			);
			runOnlyForDeploymentPostprocessing = 0;
		};
/* End PBXFrameworksBuildPhase section */

/* Begin PBXGroup section */
		81595BF91C05AAAD008AABBE /* RFQuiltLayout */ = {
			isa = PBXGroup;
			children = (
				81595BFA1C05AAAD008AABBE /* RFQuiltLayout.h */,
				81595BFB1C05AAAD008AABBE /* RFQuiltLayout.m */,
			);
			name = RFQuiltLayout;
			path = RNQuiltView/RFQuiltLayout;
			sourceTree = "<group>";
		};
		81EDA0B91C05662F000B1500 = {
			isa = PBXGroup;
			children = (
				81595BF91C05AAAD008AABBE /* RFQuiltLayout */,
				81EDA0C41C056630000B1500 /* RNQuiltView */,
				81EDA0C31C056630000B1500 /* Products */,
			);
			sourceTree = "<group>";
		};
		81EDA0C31C056630000B1500 /* Products */ = {
			isa = PBXGroup;
			children = (
				81EDA0C21C056630000B1500 /* libRNQuiltView.a */,
			);
			name = Products;
			sourceTree = "<group>";
		};
		81EDA0C41C056630000B1500 /* RNQuiltView */ = {
			isa = PBXGroup;
			children = (
				81595C701C0748CF008AABBE /* RNCellModel.h */,
				81595C711C0748CF008AABBE /* RNCellModel.m */,
				81595C2B1C069A5B008AABBE /* RNQuiltView.h */,
				81595C2A1C069A5B008AABBE /* RNQuiltView.m */,
				81595C271C069A5B008AABBE /* RNQuiltViewManager.h */,
				81595C261C069A5B008AABBE /* RNQuiltViewManager.m */,
				81595C291C069A5B008AABBE /* RNQuiltViewCell.h */,
				81595C281C069A5B008AABBE /* RNQuiltViewCell.m */,
				81595BFF1C05B6DF008AABBE /* RNCellView.h */,
				81595C001C05B6DF008AABBE /* RNCellView.m */,
				81595C011C05B6DF008AABBE /* RNCellViewManager.h */,
				81595C021C05B6DF008AABBE /* RNCellViewManager.m */,
			);
			path = RNQuiltView;
			sourceTree = "<group>";
		};
/* End PBXGroup section */

/* Begin PBXNativeTarget section */
		81EDA0C11C056630000B1500 /* RNQuiltView */ = {
			isa = PBXNativeTarget;
			buildConfigurationList = 81EDA0CB1C056630000B1500 /* Build configuration list for PBXNativeTarget "RNQuiltView" */;
			buildPhases = (
				81EDA0BE1C056630000B1500 /* Sources */,
				81EDA0BF1C056630000B1500 /* Frameworks */,
				81EDA0C01C056630000B1500 /* CopyFiles */,
			);
			buildRules = (
			);
			dependencies = (
			);
			name = RNQuiltView;
			productName = RNQuiltView;
			productReference = 81EDA0C21C056630000B1500 /* libRNQuiltView.a */;
			productType = "com.apple.product-type.library.static";
		};
/* End PBXNativeTarget section */

/* Begin PBXProject section */
		81EDA0BA1C05662F000B1500 /* Project object */ = {
			isa = PBXProject;
			attributes = {
				LastUpgradeCheck = 0710;
				ORGANIZATIONNAME = mmslate;
				TargetAttributes = {
					81EDA0C11C056630000B1500 = {
						CreatedOnToolsVersion = 7.1.1;
					};
				};
			};
			buildConfigurationList = 81EDA0BD1C05662F000B1500 /* Build configuration list for PBXProject "RNQuiltView" */;
			compatibilityVersion = "Xcode 3.2";
			developmentRegion = English;
			hasScannedForEncodings = 0;
			knownRegions = (
				en,
			);
			mainGroup = 81EDA0B91C05662F000B1500;
			productRefGroup = 81EDA0C31C056630000B1500 /* Products */;
			projectDirPath = "";
			projectRoot = "";
			targets = (
				81EDA0C11C056630000B1500 /* RNQuiltView */,
			);
		};
/* End PBXProject section */

/* Begin PBXSourcesBuildPhase section */
		81EDA0BE1C056630000B1500 /* Sources */ = {
			isa = PBXSourcesBuildPhase;
			buildActionMask = 2147483647;
			files = (
				81595C2D1C069A5B008AABBE /* RNQuiltViewCell.m in Sources */,
				81595C721C0748CF008AABBE /* RNCellModel.m in Sources */,
				81595C131C05B6DF008AABBE /* RNCellViewManager.m in Sources */,
				81595BFC1C05AAAD008AABBE /* RFQuiltLayout.m in Sources */,
				81595C2C1C069A5B008AABBE /* RNQuiltViewManager.m in Sources */,
				81C428881C109DB60000A61B /* RNQuiltView.m in Sources */,
				81595C121C05B6DF008AABBE /* RNCellView.m in Sources */,
			);
			runOnlyForDeploymentPostprocessing = 0;
		};
/* End PBXSourcesBuildPhase section */

/* Begin XCBuildConfiguration section */
		81EDA0C91C056630000B1500 /* Debug */ = {
			isa = XCBuildConfiguration;
			buildSettings = {
				ALWAYS_SEARCH_USER_PATHS = NO;
				CLANG_CXX_LANGUAGE_STANDARD = "gnu++0x";
				CLANG_CXX_LIBRARY = "libc++";
				CLANG_ENABLE_MODULES = YES;
				CLANG_ENABLE_OBJC_ARC = YES;
				CLANG_WARN_BOOL_CONVERSION = YES;
				CLANG_WARN_CONSTANT_CONVERSION = YES;
				CLANG_WARN_DIRECT_OBJC_ISA_USAGE = YES_ERROR;
				CLANG_WARN_EMPTY_BODY = YES;
				CLANG_WARN_ENUM_CONVERSION = YES;
				CLANG_WARN_INT_CONVERSION = YES;
				CLANG_WARN_OBJC_ROOT_CLASS = YES_ERROR;
				CLANG_WARN_UNREACHABLE_CODE = YES;
				CLANG_WARN__DUPLICATE_METHOD_MATCH = YES;
				"CODE_SIGN_IDENTITY[sdk=iphoneos*]" = "iPhone Developer";
				COPY_PHASE_STRIP = NO;
				DEBUG_INFORMATION_FORMAT = dwarf;
				ENABLE_STRICT_OBJC_MSGSEND = YES;
				ENABLE_TESTABILITY = YES;
				GCC_C_LANGUAGE_STANDARD = gnu99;
				GCC_DYNAMIC_NO_PIC = NO;
				GCC_NO_COMMON_BLOCKS = YES;
				GCC_OPTIMIZATION_LEVEL = 0;
				GCC_PREPROCESSOR_DEFINITIONS = (
					"DEBUG=1",
					"$(inherited)",
				);
				GCC_WARN_64_TO_32_BIT_CONVERSION = YES;
				GCC_WARN_ABOUT_RETURN_TYPE = YES_ERROR;
				GCC_WARN_UNDECLARED_SELECTOR = YES;
				GCC_WARN_UNINITIALIZED_AUTOS = YES_AGGRESSIVE;
				GCC_WARN_UNUSED_FUNCTION = YES;
				GCC_WARN_UNUSED_VARIABLE = YES;
				IPHONEOS_DEPLOYMENT_TARGET = 7.0;
				MTL_ENABLE_DEBUG_INFO = YES;
				ONLY_ACTIVE_ARCH = YES;
				SDKROOT = iphoneos;
			};
			name = Debug;
		};
		81EDA0CA1C056630000B1500 /* Release */ = {
			isa = XCBuildConfiguration;
			buildSettings = {
				ALWAYS_SEARCH_USER_PATHS = NO;
				CLANG_CXX_LANGUAGE_STANDARD = "gnu++0x";
				CLANG_CXX_LIBRARY = "libc++";
				CLANG_ENABLE_MODULES = YES;
				CLANG_ENABLE_OBJC_ARC = YES;
				CLANG_WARN_BOOL_CONVERSION = YES;
				CLANG_WARN_CONSTANT_CONVERSION = YES;
				CLANG_WARN_DIRECT_OBJC_ISA_USAGE = YES_ERROR;
				CLANG_WARN_EMPTY_BODY = YES;
				CLANG_WARN_ENUM_CONVERSION = YES;
				CLANG_WARN_INT_CONVERSION = YES;
				CLANG_WARN_OBJC_ROOT_CLASS = YES_ERROR;
				CLANG_WARN_UNREACHABLE_CODE = YES;
				CLANG_WARN__DUPLICATE_METHOD_MATCH = YES;
				"CODE_SIGN_IDENTITY[sdk=iphoneos*]" = "iPhone Developer";
				COPY_PHASE_STRIP = NO;
				DEBUG_INFORMATION_FORMAT = "dwarf-with-dsym";
				ENABLE_NS_ASSERTIONS = NO;
				ENABLE_STRICT_OBJC_MSGSEND = YES;
				GCC_C_LANGUAGE_STANDARD = gnu99;
				GCC_NO_COMMON_BLOCKS = YES;
				GCC_WARN_64_TO_32_BIT_CONVERSION = YES;
				GCC_WARN_ABOUT_RETURN_TYPE = YES_ERROR;
				GCC_WARN_UNDECLARED_SELECTOR = YES;
				GCC_WARN_UNINITIALIZED_AUTOS = YES_AGGRESSIVE;
				GCC_WARN_UNUSED_FUNCTION = YES;
				GCC_WARN_UNUSED_VARIABLE = YES;
				IPHONEOS_DEPLOYMENT_TARGET = 7.0;
				MTL_ENABLE_DEBUG_INFO = NO;
				SDKROOT = iphoneos;
				VALIDATE_PRODUCT = YES;
			};
			name = Release;
		};
		81EDA0CC1C056630000B1500 /* Debug */ = {
			isa = XCBuildConfiguration;
			buildSettings = {
				HEADER_SEARCH_PATHS = (
					"$(inherited)",
					"$(SRCROOT)/../react-native/React/**",
				);
				OTHER_LDFLAGS = "-ObjC";
				PRODUCT_NAME = "$(TARGET_NAME)";
				SKIP_INSTALL = YES;
			};
			name = Debug;
		};
		81EDA0CD1C056630000B1500 /* Release */ = {
			isa = XCBuildConfiguration;
			buildSettings = {
				HEADER_SEARCH_PATHS = (
					"$(inherited)",
					"$(SRCROOT)/../react-native/React/**",
				);
				OTHER_LDFLAGS = "-ObjC";
				PRODUCT_NAME = "$(TARGET_NAME)";
				SKIP_INSTALL = YES;
			};
			name = Release;
		};
/* End XCBuildConfiguration section */

/* Begin XCConfigurationList section */
		81EDA0BD1C05662F000B1500 /* Build configuration list for PBXProject "RNQuiltView" */ = {
			isa = XCConfigurationList;
			buildConfigurations = (
				81EDA0C91C056630000B1500 /* Debug */,
				81EDA0CA1C056630000B1500 /* Release */,
			);
			defaultConfigurationIsVisible = 0;
			defaultConfigurationName = Release;
		};
		81EDA0CB1C056630000B1500 /* Build configuration list for PBXNativeTarget "RNQuiltView" */ = {
			isa = XCConfigurationList;
			buildConfigurations = (
				81EDA0CC1C056630000B1500 /* Debug */,
				81EDA0CD1C056630000B1500 /* Release */,
			);
			defaultConfigurationIsVisible = 0;
			defaultConfigurationName = Release;
		};
/* End XCConfigurationList section */
	};
	rootObject = 81EDA0BA1C05662F000B1500 /* Project object */;
}
